
Microsoft Visual Studio Solution File, Format Version 12.00
# Visual Studio Version 16
VisualStudioVersion = 16.0.31005.135
MinimumVisualStudioVersion = 10.0.40219.1
Project("{8BC9CEB8-8B4A-11D0-8D11-00A0C91BC942}") = "CUDA 10.2 Runtime1", "CUDA 10.2 Runtime1\CUDA 10.2 Runtime1.vcxproj", "{B88CA6E9-6CE3-48F1-BCB3-F003DC1EB17B}"
EndProject
Global
	GlobalSection(SolutionConfigurationPlatforms) = preSolution
		Debug|x64 = Debug|x64
		Release|x64 = Release|x64
	EndGlobalSection
	GlobalSection(ProjectConfigurationPlatforms) = postSolution
		{B88CA6E9-6CE3-48F1-BCB3-F003DC1EB17B}.Debug|x64.ActiveCfg = Debug|x64
		{B88CA6E9-6CE3-48F1-BCB3-F003DC1EB17B}.Debug|x64.Build.0 = Debug|x64
		{B88CA6E9-6CE3-48F1-BCB3-F003DC1EB17B}.Release|x64.ActiveCfg = Release|x64
		{B88CA6E9-6CE3-48F1-BCB3-F003DC1EB17B}.Release|x64.Build.0 = Release|x64
	EndGlobalSection
	GlobalSection(SolutionProperties) = preSolution
		HideSolutionNode = FALSE
	EndGlobalSection
	GlobalSection(ExtensibilityGlobals) = postSolution
		SolutionGuid = {BAF3C5A4-6FDF-44A3-8889-9E028E1F4CA8}
	EndGlobalSection
EndGlobal
